
Microsoft Visual Studio Solution File, Format Version 12.00
Project("{FAE04EC0-301F-11D3-BF4B-00C04F79EFBC}") = "MP5 Bolt Release", "MP5 Bolt Release.csproj", "{0618337D-CDF0-40A4-8054-B7F40E73365F}"
EndProject
Global
	GlobalSection(SolutionConfigurationPlatforms) = preSolution
		Debug|Any CPU = Debug|Any CPU
		Release|Any CPU = Release|Any CPU
	EndGlobalSection
	GlobalSection(ProjectConfigurationPlatforms) = postSolution
		{0618337D-CDF0-40A4-8054-B7F40E73365F}.Debug|Any CPU.ActiveCfg = Debug|Any CPU
		{0618337D-CDF0-40A4-8054-B7F40E73365F}.Debug|Any CPU.Build.0 = Debug|Any CPU
		{0618337D-CDF0-40A4-8054-B7F40E73365F}.Release|Any CPU.ActiveCfg = Release|Any CPU
		{0618337D-CDF0-40A4-8054-B7F40E73365F}.Release|Any CPU.Build.0 = Release|Any CPU
	EndGlobalSection
EndGlobal
